
Microsoft Visual Studio Solution File, Format Version 12.00
# Visual Studio Version 16
VisualStudioVersion = 16.0.29728.190
MinimumVisualStudioVersion = 10.0.40219.1
Project("{FAE04EC0-301F-11D3-BF4B-00C04F79EFBC}") = "Exercise2", "Exercise2.csproj", "{425B727E-4446-41B8-8E96-F793B12610D6}"
EndProject
Global
	GlobalSection(SolutionConfigurationPlatforms) = preSolution
		Debug|Any CPU = Debug|Any CPU
		Release|Any CPU = Release|Any CPU
	EndGlobalSection
	GlobalSection(ProjectConfigurationPlatforms) = postSolution
		{425B727E-4446-41B8-8E96-F793B12610D6}.Debug|Any CPU.ActiveCfg = Debug|Any CPU
		{425B727E-4446-41B8-8E96-F793B12610D6}.Debug|Any CPU.Build.0 = Debug|Any CPU
		{425B727E-4446-41B8-8E96-F793B12610D6}.Release|Any CPU.ActiveCfg = Release|Any CPU
		{425B727E-4446-41B8-8E96-F793B12610D6}.Release|Any CPU.Build.0 = Release|Any CPU
	EndGlobalSection
	GlobalSection(SolutionProperties) = preSolution
		HideSolutionNode = FALSE
	EndGlobalSection
	GlobalSection(ExtensibilityGlobals) = postSolution
		SolutionGuid = {4A75C73B-367F-4A08-80CA-EB3E54BBF1DC}
	EndGlobalSection
EndGlobal
